Microsoft Visual Studio Solution File, Format Version 12.00
# Visual Studio 2012
Project("{FAE04EC0-301F-11D3-BF4B-00C04F79EFBC}") = "Space Trade Empire", "Space Trade Empire.csproj", "{201F053C-41CC-4155-BD5C-5B9F200087CF}"
EndProject
Project("{FAE04EC0-301F-11D3-BF4B-00C04F79EFBC}") = "SimCore.Runner", "SimCore.Runner\SimCore.Runner.csproj", "{B6FD5FCE-6803-4349-A8CB-F44F00963085}"
EndProject
Global
	GlobalSection(SolutionConfigurationPlatforms) = preSolution
		Debug|Any CPU = Debug|Any CPU
		ExportDebug|Any CPU = ExportDebug|Any CPU
		ExportRelease|Any CPU = ExportRelease|Any CPU
	EndGlobalSection
	GlobalSection(ProjectConfigurationPlatforms) = postSolution
		{201F053C-41CC-4155-BD5C-5B9F200087CF}.Debug|Any CPU.ActiveCfg = Debug|Any CPU
		{201F053C-41CC-4155-BD5C-5B9F200087CF}.Debug|Any CPU.Build.0 = Debug|Any CPU
		{201F053C-41CC-4155-BD5C-5B9F200087CF}.ExportDebug|Any CPU.ActiveCfg = ExportDebug|Any CPU
		{201F053C-41CC-4155-BD5C-5B9F200087CF}.ExportDebug|Any CPU.Build.0 = ExportDebug|Any CPU
		{201F053C-41CC-4155-BD5C-5B9F200087CF}.ExportRelease|Any CPU.ActiveCfg = ExportRelease|Any CPU
		{201F053C-41CC-4155-BD5C-5B9F200087CF}.ExportRelease|Any CPU.Build.0 = ExportRelease|Any CPU
		{B6FD5FCE-6803-4349-A8CB-F44F00963085}.Debug|Any CPU.ActiveCfg = Debug|Any CPU
		{B6FD5FCE-6803-4349-A8CB-F44F00963085}.Debug|Any CPU.Build.0 = Debug|Any CPU
		{B6FD5FCE-6803-4349-A8CB-F44F00963085}.ExportDebug|Any CPU.ActiveCfg = Debug|Any CPU
		{B6FD5FCE-6803-4349-A8CB-F44F00963085}.ExportDebug|Any CPU.Build.0 = Debug|Any CPU
		{B6FD5FCE-6803-4349-A8CB-F44F00963085}.ExportRelease|Any CPU.ActiveCfg = Debug|Any CPU
		{B6FD5FCE-6803-4349-A8CB-F44F00963085}.ExportRelease|Any CPU.Build.0 = Debug|Any CPU
	EndGlobalSection
EndGlobal
